PODS:
  - Alamofire (4.5.1)
  - AsyncDisplayKit (2.2.1):
    - AsyncDisplayKit/PINRemoteImage (= 2.2.1)
  - AsyncDisplayKit/Core (2.2.1)
  - AsyncDisplayKit/PINRemoteImage (2.2.1):
    - AsyncDisplayKit/Core
    - PINRemoteImage/iOS (= 3.0.0-beta.8)
    - PINRemoteImage/PINCache
  - HandyJSON (4.0.0-beta.1)
  - JCustomView (1.1.7):
    - JKit
    - SDWebImage
  - JKit (2.2.3)
  - JKit-Swift (1.1.5)
  - Masonry (1.1.0)
  - MJRefresh (3.1.15)
  - PINCache (3.0.1-beta.4):
    - PINCache/Arc-exception-safe (= 3.0.1-beta.4)
    - PINCache/Core (= 3.0.1-beta.4)
  - PINCache/Arc-exception-safe (3.0.1-beta.4):
    - PINCache/Core
  - PINCache/Core (3.0.1-beta.4):
    - PINOperation (= 1.0.3)
  - PINOperation (1.0.3)
  - PINRemoteImage/Core (3.0.0-beta.8)
  - PINRemoteImage/iOS (3.0.0-beta.8):
    - PINRemoteImage/Core
  - PINRemoteImage/PINCache (3.0.0-beta.8):
    - PINCache (= 3.0.1-beta.4)
    - PINRemoteImage/Core
  - SDWebImage (4.2.2):
    - SDWebImage/Core (= 4.2.2)
  - SDWebImage/Core (4.2.2)
  - YYKit (1.0.9):
    - YYKit/no-arc (= 1.0.9)
  - YYKit/no-arc (1.0.9)

DEPENDENCIES:
  - Alamofire
  - AsyncDisplayKit
  - HandyJSON (~> 4.0.0-beta.1)
  - JCustomView
  - JKit
  - JKit-Swift
  - Masonry
  - MJRefresh
  - SDWebImage
  - YYKit

SPEC CHECKSUMS:
  Alamofire: 2d95912bf4c34f164fdfc335872e8c312acaea4a
  AsyncDisplayKit: 2234dd8d8770a5ed72936b3f8394bd5a807765f6
  HandyJSON: 428bb18e2c34c2a77361accebf90cf64e4f74118
  JCustomView: 5d1b341e45df601f2e4677b6b2c83d27750d4d51
  JKit: 849e961852eb85039c40d4ecc8b7a6f69410f367
  JKit-Swift: 497955b93aa65e3367bea6088b338508c98ec1b9
  Masonry: 678fab65091a9290e40e2832a55e7ab731aad201
  MJRefresh: 9af70f5f9327a2cf87f0fb5929f35fcc2fa638ea
  PINCache: a89c8f609232afac77128557bd12c861844423d7
  PINOperation: ac23db44796d4a564ecf9b5ea7163510f579b71d
  PINRemoteImage: c4f9f16932840c597f32e69dd288e10e111a1929
  SDWebImage: 89a9d32cd520bbb46eb14e541d5109b3564af198
  YYKit: 7cda43304a8dc3696c449041e2cb3107b4e236e7

PODFILE CHECKSUM: 63a67fe8beb5c574351b38726b1109c95f70d6f1

COCOAPODS: 1.2.0
